<Solution>
  <Folder Name="/src/">
    <Project Path="src/Hr.BLL/Hr.BLL.csproj"/>
    <Project Path="src/Hr.DAL/Hr.DAL.csproj"/>
    <Project Path="src/Hr.PL/Hr.PL.csproj"/>
  </Folder>
  <Folder Name="/test/">
    <Project Path="test/Hr.Tests.Unit/Hr.Tests.Unit.csproj"/>
    <Project Path="test/Hr.Tests.Integration/Hr.Tests.Integration.csproj"/>
  </Folder>
</Solution>